{
  "object": {
    "pins": [
      {
        "package": "BlueCap",
        "repositoryURL": "https://github.com/jvigneshcs/BlueCap.git",
        "state": {
          "branch": "master",
          "revision": "e846eeb21be25ce15a46bfd34c51b56c0e7657dd",
          "version": null
        }
      },
      {
        "package": "Cache",
        "repositoryURL": "https://github.com/hyperoslo/Cache.git",
        "state": {
          "branch": null,
          "revision": "c7f4d633049c3bd649a353bad36f6c17e9df085f",
          "version": "6.0.0"
        }
      },
      {
        "package": "Polyline",
        "repositoryURL": "https://github.com/raphaelmor/Polyline.git",
        "state": {
          "branch": null,
          "revision": "36f7b1222aaf8fa741d0d179c12e186998d97f42",
          "version": "5.0.2"
        }
      }
    ]
  },
  "version": 1
}
