{
  "object": {
    "pins": [
      {
        "package": "Ampere",
        "repositoryURL": "https://github.com/ole/Ampere.git",
        "state": {
          "branch": null,
          "revision": "cfe9716452df88ec9657d1d2b3b0ed5335049611",
          "version": "0.4.1"
        }
      },
      {
        "package": "BlueCap",
        "repositoryURL": "https://github.com/jvigneshcs/BlueCap.git",
        "state": {
          "branch": "master",
          "revision": "e846eeb21be25ce15a46bfd34c51b56c0e7657dd",
          "version": null
        }
      },
      {
        "package": "Polyline",
        "repositoryURL": "https://github.com/raphaelmor/Polyline.git",
        "state": {
          "branch": null,
          "revision": "36f7b1222aaf8fa741d0d179c12e186998d97f42",
          "version": "5.0.2"
        }
      }
    ]
  },
  "version": 1
}
