// !$*UTF8*$!
{
	archiveVersion = 1;
	classes = {
	};
	objectVersion = 50;
	objects = {

/* Begin PBXBuildFile section */
		A60E1A07258DA43800912F4F /* Carduino_iOSApp.swift in Sources */ = {isa = PBXBuildFile; fileRef = A60E1A06258DA43800912F4F /* Carduino_iOSApp.swift */; };
		A60E1A09258DA43800912F4F /* ContentView.swift in Sources */ = {isa = PBXBuildFile; fileRef = A60E1A08258DA43800912F4F /* ContentView.swift */; };
		A60E1A0B258DA43900912F4F /* Assets.xcassets in Resources */ = {isa = PBXBuildFile; fileRef = A60E1A0A258DA43900912F4F /* Assets.xcassets */; };
		A60E1A0E258DA43900912F4F /* Preview Assets.xcassets in Resources */ = {isa = PBXBuildFile; fileRef = A60E1A0D258DA43900912F4F /* Preview Assets.xcassets */; };
		A60E1A19258DA43A00912F4F /* Carduino_iOSTests.swift in Sources */ = {isa = PBXBuildFile; fileRef = A60E1A18258DA43A00912F4F /* Carduino_iOSTests.swift */; };
		A60E1A24258DA43A00912F4F /* Carduino_iOSUITests.swift in Sources */ = {isa = PBXBuildFile; fileRef = A60E1A23258DA43A00912F4F /* Carduino_iOSUITests.swift */; };
/* End PBXBuildFile section */

/* Begin PBXContainerItemProxy section */
		A60E1A15258DA43A00912F4F /* PBXContainerItemProxy */ = {
			isa = PBXContainerItemProxy;
			containerPortal = A60E19FB258DA43800912F4F /* Project object */;
			proxyType = 1;
			remoteGlobalIDString = A60E1A02258DA43800912F4F;
			remoteInfo = "Carduino iOS";
		};
		A60E1A20258DA43A00912F4F /* PBXContainerItemProxy */ = {
			isa = PBXContainerItemProxy;
			containerPortal = A60E19FB258DA43800912F4F /* Project object */;
			proxyType = 1;
			remoteGlobalIDString = A60E1A02258DA43800912F4F;
			remoteInfo = "Carduino iOS";
		};
/* End PBXContainerItemProxy section */

/* Begin PBXFileReference section */
		A60E1A03258DA43800912F4F /* Carduino iOS.app */ = {isa = PBXFileReference; explicitFileType = wrapper.application; includeInIndex = 0; path = "Carduino iOS.app"; sourceTree = BUILT_PRODUCTS_DIR; };
		A60E1A06258DA43800912F4F /* Carduino_iOSApp.swift */ = {isa = PBXFileReference; lastKnownFileType = sourcecode.swift; path = Carduino_iOSApp.swift; sourceTree = "<group>"; };
		A60E1A08258DA43800912F4F /* ContentView.swift */ = {isa = PBXFileReference; lastKnownFileType = sourcecode.swift; path = ContentView.swift; sourceTree = "<group>"; };
		A60E1A0A258DA43900912F4F /* Assets.xcassets */ = {isa = PBXFileReference; lastKnownFileType = folder.assetcatalog; path = Assets.xcassets; sourceTree = "<group>"; };
		A60E1A0D258DA43900912F4F /* Preview Assets.xcassets */ = {isa = PBXFileReference; lastKnownFileType = folder.assetcatalog; path = "Preview Assets.xcassets"; sourceTree = "<group>"; };
		A60E1A0F258DA43900912F4F /* Info.plist */ = {isa = PBXFileReference; lastKnownFileType = text.plist.xml; path = Info.plist; sourceTree = "<group>"; };
		A60E1A14258DA43A00912F4F /* Carduino iOSTests.xctest */ = {isa = PBXFileReference; explicitFileType = wrapper.cfbundle; includeInIndex = 0; path = "Carduino iOSTests.xctest"; sourceTree = BUILT_PRODUCTS_DIR; };
		A60E1A18258DA43A00912F4F /* Carduino_iOSTests.swift */ = {isa = PBXFileReference; lastKnownFileType = sourcecode.swift; path = Carduino_iOSTests.swift; sourceTree = "<group>"; };
		A60E1A1A258DA43A00912F4F /* Info.plist */ = {isa = PBXFileReference; lastKnownFileType = text.plist.xml; path = Info.plist; sourceTree = "<group>"; };
		A60E1A1F258DA43A00912F4F /* Carduino iOSUITests.xctest */ = {isa = PBXFileReference; explicitFileType = wrapper.cfbundle; includeInIndex = 0; path = "Carduino iOSUITests.xctest"; sourceTree = BUILT_PRODUCTS_DIR; };
		A60E1A23258DA43A00912F4F /* Carduino_iOSUITests.swift */ = {isa = PBXFileReference; lastKnownFileType = sourcecode.swift; path = Carduino_iOSUITests.swift; sourceTree = "<group>"; };
		A60E1A25258DA43A00912F4F /* Info.plist */ = {isa = PBXFileReference; lastKnownFileType = text.plist.xml; path = Info.plist; sourceTree = "<group>"; };
/* End PBXFileReference section */

/* Begin PBXFrameworksBuildPhase section */
		A60E1A00258DA43800912F4F /* Frameworks */ = {
			isa = PBXFrameworksBuildPhase;
			buildActionMask = 2147483647;
			files = (
			);
			runOnlyForDeploymentPostprocessing = 0;
		};
		A60E1A11258DA43A00912F4F /* Frameworks */ = {
			isa = PBXFrameworksBuildPhase;
			buildActionMask = 2147483647;
			files = (
			);
			runOnlyForDeploymentPostprocessing = 0;
		};
		A60E1A1C258DA43A00912F4F /* Frameworks */ = {
			isa = PBXFrameworksBuildPhase;
			buildActionMask = 2147483647;
			files = (
			);
			runOnlyForDeploymentPostprocessing = 0;
		};
/* End PBXFrameworksBuildPhase section */

/* Begin PBXGroup section */
		A60E19FA258DA43800912F4F = {
			isa = PBXGroup;
			children = (
				A60E1A05258DA43800912F4F /* Carduino iOS */,
				A60E1A17258DA43A00912F4F /* Carduino iOSTests */,
				A60E1A22258DA43A00912F4F /* Carduino iOSUITests */,
				A60E1A04258DA43800912F4F /* Products */,
			);
			sourceTree = "<group>";
		};
		A60E1A04258DA43800912F4F /* Products */ = {
			isa = PBXGroup;
			children = (
				A60E1A03258DA43800912F4F /* Carduino iOS.app */,
				A60E1A14258DA43A00912F4F /* Carduino iOSTests.xctest */,
				A60E1A1F258DA43A00912F4F /* Carduino iOSUITests.xctest */,
			);
			name = Products;
			sourceTree = "<group>";
		};
		A60E1A05258DA43800912F4F /* Carduino iOS */ = {
			isa = PBXGroup;
			children = (
				A60E1A06258DA43800912F4F /* Carduino_iOSApp.swift */,
				A60E1A08258DA43800912F4F /* ContentView.swift */,
				A60E1A0A258DA43900912F4F /* Assets.xcassets */,
				A60E1A0F258DA43900912F4F /* Info.plist */,
				A60E1A0C258DA43900912F4F /* Preview Content */,
			);
			path = "Carduino iOS";
			sourceTree = "<group>";
		};
		A60E1A0C258DA43900912F4F /* Preview Content */ = {
			isa = PBXGroup;
			children = (
				A60E1A0D258DA43900912F4F /* Preview Assets.xcassets */,
			);
			path = "Preview Content";
			sourceTree = "<group>";
		};
		A60E1A17258DA43A00912F4F /* Carduino iOSTests */ = {
			isa = PBXGroup;
			children = (
				A60E1A18258DA43A00912F4F /* Carduino_iOSTests.swift */,
				A60E1A1A258DA43A00912F4F /* Info.plist */,
			);
			path = "Carduino iOSTests";
			sourceTree = "<group>";
		};
		A60E1A22258DA43A00912F4F /* Carduino iOSUITests */ = {
			isa = PBXGroup;
			children = (
				A60E1A23258DA43A00912F4F /* Carduino_iOSUITests.swift */,
				A60E1A25258DA43A00912F4F /* Info.plist */,
			);
			path = "Carduino iOSUITests";
			sourceTree = "<group>";
		};
/* End PBXGroup section */

/* Begin PBXNativeTarget section */
		A60E1A02258DA43800912F4F /* Carduino iOS */ = {
			isa = PBXNativeTarget;
			buildConfigurationList = A60E1A28258DA43A00912F4F /* Build configuration list for PBXNativeTarget "Carduino iOS" */;
			buildPhases = (
				A60E19FF258DA43800912F4F /* Sources */,
				A60E1A00258DA43800912F4F /* Frameworks */,
				A60E1A01258DA43800912F4F /* Resources */,
			);
			buildRules = (
			);
			dependencies = (
			);
			name = "Carduino iOS";
			productName = "Carduino iOS";
			productReference = A60E1A03258DA43800912F4F /* Carduino iOS.app */;
			productType = "com.apple.product-type.application";
		};
		A60E1A13258DA43A00912F4F /* Carduino iOSTests */ = {
			isa = PBXNativeTarget;
			buildConfigurationList = A60E1A2B258DA43A00912F4F /* Build configuration list for PBXNativeTarget "Carduino iOSTests" */;
			buildPhases = (
				A60E1A10258DA43A00912F4F /* Sources */,
				A60E1A11258DA43A00912F4F /* Frameworks */,
				A60E1A12258DA43A00912F4F /* Resources */,
			);
			buildRules = (
			);
			dependencies = (
				A60E1A16258DA43A00912F4F /* PBXTargetDependency */,
			);
			name = "Carduino iOSTests";
			productName = "Carduino iOSTests";
			productReference = A60E1A14258DA43A00912F4F /* Carduino iOSTests.xctest */;
			productType = "com.apple.product-type.bundle.unit-test";
		};
		A60E1A1E258DA43A00912F4F /* Carduino iOSUITests */ = {
			isa = PBXNativeTarget;
			buildConfigurationList = A60E1A2E258DA43A00912F4F /* Build configuration list for PBXNativeTarget "Carduino iOSUITests" */;
			buildPhases = (
				A60E1A1B258DA43A00912F4F /* Sources */,
				A60E1A1C258DA43A00912F4F /* Frameworks */,
				A60E1A1D258DA43A00912F4F /* Resources */,
			);
			buildRules = (
			);
			dependencies = (
				A60E1A21258DA43A00912F4F /* PBXTargetDependency */,
			);
			name = "Carduino iOSUITests";
			productName = "Carduino iOSUITests";
			productReference = A60E1A1F258DA43A00912F4F /* Carduino iOSUITests.xctest */;
			productType = "com.apple.product-type.bundle.ui-testing";
		};
/* End PBXNativeTarget section */

/* Begin PBXProject section */
		A60E19FB258DA43800912F4F /* Project object */ = {
			isa = PBXProject;
			attributes = {
				LastSwiftUpdateCheck = 1230;
				LastUpgradeCheck = 1230;
				TargetAttributes = {
					A60E1A02258DA43800912F4F = {
						CreatedOnToolsVersion = 12.3;
					};
					A60E1A13258DA43A00912F4F = {
						CreatedOnToolsVersion = 12.3;
						TestTargetID = A60E1A02258DA43800912F4F;
					};
					A60E1A1E258DA43A00912F4F = {
						CreatedOnToolsVersion = 12.3;
						TestTargetID = A60E1A02258DA43800912F4F;
					};
				};
			};
			buildConfigurationList = A60E19FE258DA43800912F4F /* Build configuration list for PBXProject "Carduino iOS" */;
			compatibilityVersion = "Xcode 9.3";
			developmentRegion = en;
			hasScannedForEncodings = 0;
			knownRegions = (
				en,
				Base,
			);
			mainGroup = A60E19FA258DA43800912F4F;
			productRefGroup = A60E1A04258DA43800912F4F /* Products */;
			projectDirPath = "";
			projectRoot = "";
			targets = (
				A60E1A02258DA43800912F4F /* Carduino iOS */,
				A60E1A13258DA43A00912F4F /* Carduino iOSTests */,
				A60E1A1E258DA43A00912F4F /* Carduino iOSUITests */,
			);
		};
/* End PBXProject section */

/* Begin PBXResourcesBuildPhase section */
		A60E1A01258DA43800912F4F /* Resources */ = {
			isa = PBXResourcesBuildPhase;
			buildActionMask = 2147483647;
			files = (
				A60E1A0E258DA43900912F4F /* Preview Assets.xcassets in Resources */,
				A60E1A0B258DA43900912F4F /* Assets.xcassets in Resources */,
			);
			runOnlyForDeploymentPostprocessing = 0;
		};
		A60E1A12258DA43A00912F4F /* Resources */ = {
			isa = PBXResourcesBuildPhase;
			buildActionMask = 2147483647;
			files = (
			);
			runOnlyForDeploymentPostprocessing = 0;
		};
		A60E1A1D258DA43A00912F4F /* Resources */ = {
			isa = PBXResourcesBuildPhase;
			buildActionMask = 2147483647;
			files = (
			);
			runOnlyForDeploymentPostprocessing = 0;
		};
/* End PBXResourcesBuildPhase section */

/* Begin PBXSourcesBuildPhase section */
		A60E19FF258DA43800912F4F /* Sources */ = {
			isa = PBXSourcesBuildPhase;
			buildActionMask = 2147483647;
			files = (
				A60E1A09258DA43800912F4F /* ContentView.swift in Sources */,
				A60E1A07258DA43800912F4F /* Carduino_iOSApp.swift in Sources */,
			);
			runOnlyForDeploymentPostprocessing = 0;
		};
		A60E1A10258DA43A00912F4F /* Sources */ = {
			isa = PBXSourcesBuildPhase;
			buildActionMask = 2147483647;
			files = (
				A60E1A19258DA43A00912F4F /* Carduino_iOSTests.swift in Sources */,
			);
			runOnlyForDeploymentPostprocessing = 0;
		};
		A60E1A1B258DA43A00912F4F /* Sources */ = {
			isa = PBXSourcesBuildPhase;
			buildActionMask = 2147483647;
			files = (
				A60E1A24258DA43A00912F4F /* Carduino_iOSUITests.swift in Sources */,
			);
			runOnlyForDeploymentPostprocessing = 0;
		};
/* End PBXSourcesBuildPhase section */

/* Begin PBXTargetDependency section */
		A60E1A16258DA43A00912F4F /* PBXTargetDependency */ = {
			isa = PBXTargetDependency;
			target = A60E1A02258DA43800912F4F /* Carduino iOS */;
			targetProxy = A60E1A15258DA43A00912F4F /* PBXContainerItemProxy */;
		};
		A60E1A21258DA43A00912F4F /* PBXTargetDependency */ = {
			isa = PBXTargetDependency;
			target = A60E1A02258DA43800912F4F /* Carduino iOS */;
			targetProxy = A60E1A20258DA43A00912F4F /* PBXContainerItemProxy */;
		};
/* End PBXTargetDependency section */

/* Begin XCBuildConfiguration section */
		A60E1A26258DA43A00912F4F /* Debug */ = {
			isa = XCBuildConfiguration;
			buildSettings = {
				ALWAYS_SEARCH_USER_PATHS = NO;
				CLANG_ANALYZER_NONNULL = YES;
				CLANG_ANALYZER_NUMBER_OBJECT_CONVERSION = YES_AGGRESSIVE;
				CLANG_CXX_LANGUAGE_STANDARD = "gnu++14";
				CLANG_CXX_LIBRARY = "libc++";
				CLANG_ENABLE_MODULES = YES;
				CLANG_ENABLE_OBJC_ARC = YES;
				CLANG_ENABLE_OBJC_WEAK = YES;
				CLANG_WARN_BLOCK_CAPTURE_AUTORELEASING = YES;
				CLANG_WARN_BOOL_CONVERSION = YES;
				CLANG_WARN_COMMA = YES;
				CLANG_WARN_CONSTANT_CONVERSION = YES;
				CLANG_WARN_DEPRECATED_OBJC_IMPLEMENTATIONS = YES;
				CLANG_WARN_DIRECT_OBJC_ISA_USAGE = YES_ERROR;
				CLANG_WARN_DOCUMENTATION_COMMENTS = YES;
				CLANG_WARN_EMPTY_BODY = YES;
				CLANG_WARN_ENUM_CONVERSION = YES;
				CLANG_WARN_INFINITE_RECURSION = YES;
				CLANG_WARN_INT_CONVERSION = YES;
				CLANG_WARN_NON_LITERAL_NULL_CONVERSION = YES;
				CLANG_WARN_OBJC_IMPLICIT_RETAIN_SELF = YES;
				CLANG_WARN_OBJC_LITERAL_CONVERSION = YES;
				CLANG_WARN_OBJC_ROOT_CLASS = YES_ERROR;
				CLANG_WARN_QUOTED_INCLUDE_IN_FRAMEWORK_HEADER = YES;
				CLANG_WARN_RANGE_LOOP_ANALYSIS = YES;
				CLANG_WARN_STRICT_PROTOTYPES = YES;
				CLANG_WARN_SUSPICIOUS_MOVE = YES;
				CLANG_WARN_UNGUARDED_AVAILABILITY = YES_AGGRESSIVE;
				CLANG_WARN_UNREACHABLE_CODE = YES;
				CLANG_WARN__DUPLICATE_METHOD_MATCH = YES;
				COPY_PHASE_STRIP = NO;
				DEBUG_INFORMATION_FORMAT = dwarf;
				ENABLE_STRICT_OBJC_MSGSEND = YES;
				ENABLE_TESTABILITY = YES;
				GCC_C_LANGUAGE_STANDARD = gnu11;
				GCC_DYNAMIC_NO_PIC = NO;
				GCC_NO_COMMON_BLOCKS = YES;
				GCC_OPTIMIZATION_LEVEL = 0;
				GCC_PREPROCESSOR_DEFINITIONS = (
					"DEBUG=1",
					"$(inherited)",
				);
				GCC_WARN_64_TO_32_BIT_CONVERSION = YES;
				GCC_WARN_ABOUT_RETURN_TYPE = YES_ERROR;
				GCC_WARN_UNDECLARED_SELECTOR = YES;
				GCC_WARN_UNINITIALIZED_AUTOS = YES_AGGRESSIVE;
				GCC_WARN_UNUSED_FUNCTION = YES;
				GCC_WARN_UNUSED_VARIABLE = YES;
				IPHONEOS_DEPLOYMENT_TARGET = 14.3;
				MTL_ENABLE_DEBUG_INFO = INCLUDE_SOURCE;
				MTL_FAST_MATH = YES;
				ONLY_ACTIVE_ARCH = YES;
				SDKROOT = iphoneos;
				SWIFT_ACTIVE_COMPILATION_CONDITIONS = DEBUG;
				SWIFT_OPTIMIZATION_LEVEL = "-Onone";
			};
			name = Debug;
		};
		A60E1A27258DA43A00912F4F /* Release */ = {
			isa = XCBuildConfiguration;
			buildSettings = {
				ALWAYS_SEARCH_USER_PATHS = NO;
				CLANG_ANALYZER_NONNULL = YES;
				CLANG_ANALYZER_NUMBER_OBJECT_CONVERSION = YES_AGGRESSIVE;
				CLANG_CXX_LANGUAGE_STANDARD = "gnu++14";
				CLANG_CXX_LIBRARY = "libc++";
				CLANG_ENABLE_MODULES = YES;
				CLANG_ENABLE_OBJC_ARC = YES;
				CLANG_ENABLE_OBJC_WEAK = YES;
				CLANG_WARN_BLOCK_CAPTURE_AUTORELEASING = YES;
				CLANG_WARN_BOOL_CONVERSION = YES;
				CLANG_WARN_COMMA = YES;
				CLANG_WARN_CONSTANT_CONVERSION = YES;
				CLANG_WARN_DEPRECATED_OBJC_IMPLEMENTATIONS = YES;
				CLANG_WARN_DIRECT_OBJC_ISA_USAGE = YES_ERROR;
				CLANG_WARN_DOCUMENTATION_COMMENTS = YES;
				CLANG_WARN_EMPTY_BODY = YES;
				CLANG_WARN_ENUM_CONVERSION = YES;
				CLANG_WARN_INFINITE_RECURSION = YES;
				CLANG_WARN_INT_CONVERSION = YES;
				CLANG_WARN_NON_LITERAL_NULL_CONVERSION = YES;
				CLANG_WARN_OBJC_IMPLICIT_RETAIN_SELF = YES;
				CLANG_WARN_OBJC_LITERAL_CONVERSION = YES;
				CLANG_WARN_OBJC_ROOT_CLASS = YES_ERROR;
				CLANG_WARN_QUOTED_INCLUDE_IN_FRAMEWORK_HEADER = YES;
				CLANG_WARN_RANGE_LOOP_ANALYSIS = YES;
				CLANG_WARN_STRICT_PROTOTYPES = YES;
				CLANG_WARN_SUSPICIOUS_MOVE = YES;
				CLANG_WARN_UNGUARDED_AVAILABILITY = YES_AGGRESSIVE;
				CLANG_WARN_UNREACHABLE_CODE = YES;
				CLANG_WARN__DUPLICATE_METHOD_MATCH = YES;
				COPY_PHASE_STRIP = NO;
				DEBUG_INFORMATION_FORMAT = "dwarf-with-dsym";
				ENABLE_NS_ASSERTIONS = NO;
				ENABLE_STRICT_OBJC_MSGSEND = YES;
				GCC_C_LANGUAGE_STANDARD = gnu11;
				GCC_NO_COMMON_BLOCKS = YES;
				GCC_WARN_64_TO_32_BIT_CONVERSION = YES;
				GCC_WARN_ABOUT_RETURN_TYPE = YES_ERROR;
				GCC_WARN_UNDECLARED_SELECTOR = YES;
				GCC_WARN_UNINITIALIZED_AUTOS = YES_AGGRESSIVE;
				GCC_WARN_UNUSED_FUNCTION = YES;
				GCC_WARN_UNUSED_VARIABLE = YES;
				IPHONEOS_DEPLOYMENT_TARGET = 14.3;
				MTL_ENABLE_DEBUG_INFO = NO;
				MTL_FAST_MATH = YES;
				SDKROOT = iphoneos;
				SWIFT_COMPILATION_MODE = wholemodule;
				SWIFT_OPTIMIZATION_LEVEL = "-O";
				VALIDATE_PRODUCT = YES;
			};
			name = Release;
		};
		A60E1A29258DA43A00912F4F /* Debug */ = {
			isa = XCBuildConfiguration;
			buildSettings = {
				ASSETCATALOG_COMPILER_APPICON_NAME = AppIcon;
				ASSETCATALOG_COMPILER_GLOBAL_ACCENT_COLOR_NAME = AccentColor;
				CODE_SIGN_STYLE = Automatic;
				DEVELOPMENT_ASSET_PATHS = "\"Carduino iOS/Preview Content\"";
				DEVELOPMENT_TEAM = S4JEZRL8YY;
				ENABLE_PREVIEWS = YES;
				INFOPLIST_FILE = "Carduino iOS/Info.plist";
				IPHONEOS_DEPLOYMENT_TARGET = 14.0;
				LD_RUNPATH_SEARCH_PATHS = (
					"$(inherited)",
					"@executable_path/Frameworks",
				);
				PRODUCT_BUNDLE_IDENTIFIER = "com.carduino.Carduino-iOS";
				PRODUCT_NAME = "$(TARGET_NAME)";
				SWIFT_VERSION = 5.0;
				TARGETED_DEVICE_FAMILY = "1,2";
			};
			name = Debug;
		};
		A60E1A2A258DA43A00912F4F /* Release */ = {
			isa = XCBuildConfiguration;
			buildSettings = {
				ASSETCATALOG_COMPILER_APPICON_NAME = AppIcon;
				ASSETCATALOG_COMPILER_GLOBAL_ACCENT_COLOR_NAME = AccentColor;
				CODE_SIGN_STYLE = Automatic;
				DEVELOPMENT_ASSET_PATHS = "\"Carduino iOS/Preview Content\"";
				DEVELOPMENT_TEAM = S4JEZRL8YY;
				ENABLE_PREVIEWS = YES;
				INFOPLIST_FILE = "Carduino iOS/Info.plist";
				IPHONEOS_DEPLOYMENT_TARGET = 14.0;
				LD_RUNPATH_SEARCH_PATHS = (
					"$(inherited)",
					"@executable_path/Frameworks",
				);
				PRODUCT_BUNDLE_IDENTIFIER = "com.carduino.Carduino-iOS";
				PRODUCT_NAME = "$(TARGET_NAME)";
				SWIFT_VERSION = 5.0;
				TARGETED_DEVICE_FAMILY = "1,2";
			};
			name = Release;
		};
		A60E1A2C258DA43A00912F4F /* Debug */ = {
			isa = XCBuildConfiguration;
			buildSettings = {
				ALWAYS_EMBED_SWIFT_STANDARD_LIBRARIES = YES;
				BUNDLE_LOADER = "$(TEST_HOST)";
				CODE_SIGN_STYLE = Automatic;
				DEVELOPMENT_TEAM = S4JEZRL8YY;
				INFOPLIST_FILE = "Carduino iOSTests/Info.plist";
				IPHONEOS_DEPLOYMENT_TARGET = 14.0;
				LD_RUNPATH_SEARCH_PATHS = (
					"$(inherited)",
					"@executable_path/Frameworks",
					"@loader_path/Frameworks",
				);
				PRODUCT_BUNDLE_IDENTIFIER = "com.carduino.Carduino-iOSTests";
				PRODUCT_NAME = "$(TARGET_NAME)";
				SWIFT_VERSION = 5.0;
				TARGETED_DEVICE_FAMILY = "1,2";
				TEST_HOST = "$(BUILT_PRODUCTS_DIR)/Carduino iOS.app/Carduino iOS";
			};
			name = Debug;
		};
		A60E1A2D258DA43A00912F4F /* Release */ = {
			isa = XCBuildConfiguration;
			buildSettings = {
				ALWAYS_EMBED_SWIFT_STANDARD_LIBRARIES = YES;
				BUNDLE_LOADER = "$(TEST_HOST)";
				CODE_SIGN_STYLE = Automatic;
				DEVELOPMENT_TEAM = S4JEZRL8YY;
				INFOPLIST_FILE = "Carduino iOSTests/Info.plist";
				IPHONEOS_DEPLOYMENT_TARGET = 14.0;
				LD_RUNPATH_SEARCH_PATHS = (
					"$(inherited)",
					"@executable_path/Frameworks",
					"@loader_path/Frameworks",
				);
				PRODUCT_BUNDLE_IDENTIFIER = "com.carduino.Carduino-iOSTests";
				PRODUCT_NAME = "$(TARGET_NAME)";
				SWIFT_VERSION = 5.0;
				TARGETED_DEVICE_FAMILY = "1,2";
				TEST_HOST = "$(BUILT_PRODUCTS_DIR)/Carduino iOS.app/Carduino iOS";
			};
			name = Release;
		};
		A60E1A2F258DA43A00912F4F /* Debug */ = {
			isa = XCBuildConfiguration;
			buildSettings = {
				ALWAYS_EMBED_SWIFT_STANDARD_LIBRARIES = YES;
				CODE_SIGN_STYLE = Automatic;
				DEVELOPMENT_TEAM = S4JEZRL8YY;
				INFOPLIST_FILE = "Carduino iOSUITests/Info.plist";
				LD_RUNPATH_SEARCH_PATHS = (
					"$(inherited)",
					"@executable_path/Frameworks",
					"@loader_path/Frameworks",
				);
				PRODUCT_BUNDLE_IDENTIFIER = "com.carduino.Carduino-iOSUITests";
				PRODUCT_NAME = "$(TARGET_NAME)";
				SWIFT_VERSION = 5.0;
				TARGETED_DEVICE_FAMILY = "1,2";
				TEST_TARGET_NAME = "Carduino iOS";
			};
			name = Debug;
		};
		A60E1A30258DA43A00912F4F /* Release */ = {
			isa = XCBuildConfiguration;
			buildSettings = {
				ALWAYS_EMBED_SWIFT_STANDARD_LIBRARIES = YES;
				CODE_SIGN_STYLE = Automatic;
				DEVELOPMENT_TEAM = S4JEZRL8YY;
				INFOPLIST_FILE = "Carduino iOSUITests/Info.plist";
				LD_RUNPATH_SEARCH_PATHS = (
					"$(inherited)",
					"@executable_path/Frameworks",
					"@loader_path/Frameworks",
				);
				PRODUCT_BUNDLE_IDENTIFIER = "com.carduino.Carduino-iOSUITests";
				PRODUCT_NAME = "$(TARGET_NAME)";
				SWIFT_VERSION = 5.0;
				TARGETED_DEVICE_FAMILY = "1,2";
				TEST_TARGET_NAME = "Carduino iOS";
			};
			name = Release;
		};
/* End XCBuildConfiguration section */

/* Begin XCConfigurationList section */
		A60E19FE258DA43800912F4F /* Build configuration list for PBXProject "Carduino iOS" */ = {
			isa = XCConfigurationList;
			buildConfigurations = (
				A60E1A26258DA43A00912F4F /* Debug */,
				A60E1A27258DA43A00912F4F /* Release */,
			);
			defaultConfigurationIsVisible = 0;
			defaultConfigurationName = Release;
		};
		A60E1A28258DA43A00912F4F /* Build configuration list for PBXNativeTarget "Carduino iOS" */ = {
			isa = XCConfigurationList;
			buildConfigurations = (
				A60E1A29258DA43A00912F4F /* Debug */,
				A60E1A2A258DA43A00912F4F /* Release */,
			);
			defaultConfigurationIsVisible = 0;
			defaultConfigurationName = Release;
		};
		A60E1A2B258DA43A00912F4F /* Build configuration list for PBXNativeTarget "Carduino iOSTests" */ = {
			isa = XCConfigurationList;
			buildConfigurations = (
				A60E1A2C258DA43A00912F4F /* Debug */,
				A60E1A2D258DA43A00912F4F /* Release */,
			);
			defaultConfigurationIsVisible = 0;
			defaultConfigurationName = Release;
		};
		A60E1A2E258DA43A00912F4F /* Build configuration list for PBXNativeTarget "Carduino iOSUITests" */ = {
			isa = XCConfigurationList;
			buildConfigurations = (
				A60E1A2F258DA43A00912F4F /* Debug */,
				A60E1A30258DA43A00912F4F /* Release */,
			);
			defaultConfigurationIsVisible = 0;
			defaultConfigurationName = Release;
		};
/* End XCConfigurationList section */
	};
	rootObject = A60E19FB258DA43800912F4F /* Project object */;
}
